
Microsoft Visual Studio Solution File, Format Version 12.00
# Visual Studio Version 17
VisualStudioVersion = 17.8.34408.163
MinimumVisualStudioVersion = 10.0.40219.1
Project("{FAE04EC0-301F-11D3-BF4B-00C04F79EFBC}") = "RelayR.Api", "RelayR.Api\RelayR.Api.csproj", "{85D520F7-53CD-494E-AFC4-47D3F07D6EFD}"
EndProject
Project("{FAE04EC0-301F-11D3-BF4B-00C04F79EFBC}") = "RelayR.AspNetCore", "RelayR.AspNetCore\RelayR.AspNetCore.csproj", "{8CA2CD77-93B1-4AFB-AB95-986B1184B85D}"
EndProject
Project("{2150E333-8FDC-42A3-9474-1A3956D46DE8}") = "Solution Items", "Solution Items", "{8EC462FD-D22E-90A8-E5CE-7E832BA40C5D}"
	ProjectSection(SolutionItems) = preProject
		README.md = README.md
	EndProjectSection
EndProject
Global
	GlobalSection(SolutionConfigurationPlatforms) = preSolution
		Debug|Any CPU = Debug|Any CPU
		Release|Any CPU = Release|Any CPU
	EndGlobalSection
	GlobalSection(ProjectConfigurationPlatforms) = postSolution
		{85D520F7-53CD-494E-AFC4-47D3F07D6EFD}.Debug|Any CPU.ActiveCfg = Debug|Any CPU
		{85D520F7-53CD-494E-AFC4-47D3F07D6EFD}.Debug|Any CPU.Build.0 = Debug|Any CPU
		{85D520F7-53CD-494E-AFC4-47D3F07D6EFD}.Release|Any CPU.ActiveCfg = Release|Any CPU
		{85D520F7-53CD-494E-AFC4-47D3F07D6EFD}.Release|Any CPU.Build.0 = Release|Any CPU
		{8CA2CD77-93B1-4AFB-AB95-986B1184B85D}.Debug|Any CPU.ActiveCfg = Debug|Any CPU
		{8CA2CD77-93B1-4AFB-AB95-986B1184B85D}.Debug|Any CPU.Build.0 = Debug|Any CPU
		{8CA2CD77-93B1-4AFB-AB95-986B1184B85D}.Release|Any CPU.ActiveCfg = Release|Any CPU
		{8CA2CD77-93B1-4AFB-AB95-986B1184B85D}.Release|Any CPU.Build.0 = Release|Any CPU
	EndGlobalSection
	GlobalSection(SolutionProperties) = preSolution
		HideSolutionNode = FALSE
	EndGlobalSection
	GlobalSection(ExtensibilityGlobals) = postSolution
		SolutionGuid = {279E0809-A8E5-47D0-82DB-FB50820FA9FE}
	EndGlobalSection
EndGlobal
